{
  "name": "twitter-bot-template",
  "version": "1.0.0",
  "lockfileVersion": 2,
  "requires": true,
  "packages": {
    "": {
      "name": "twitter-bot-template",
      "version": "1.0.0",
      "license": "ISC",
      "dependencies": {
        "dotenv": "^16.0.3",
        "twitter-api-v2": "^1.12.10",
        "node-fetch": "^3.3.2"
      }
    },
    "node_modules/dotenv": {
      "version": "16.0.3",
      "resolved": "https://registry.npmjs.org/dotenv/-/dotenv-16.0.3.tgz",
      "integrity": "sha512-7GO6HghkA5fYG9TYnNxi14/7K9f5occMlp3zXAuSxn7CKCxt9xbNWG7yF8hTCSUchlfWSe3uLmlPfigevRItzQ==",
      "engines": {
        "node": ">=12"
      }
    },
    "node_modules/twitter-api-v2": {
      "version": "1.12.10",
      "resolved": "https://registry.npmjs.org/twitter-api-v2/-/twitter-api-v2-1.12.10.tgz",
      "integrity": "sha512-gLo4u3EZM8zt2CRZ5uJaWpGVoH1/xR0veF74E3K7WCQXUONoZVc0pbg6dGfoPBOmEXhS4QHGcgAMj1TRU+OSXA=="
    },
    "node_modules/node-fetch": {
      "version": "3.3.2",
      "resolved": "https://registry.npmjs.org/node-fetch/-/node-fetch-3.3.2.tgz",
      "integrity": "sha512-IilGxAafCaenbFn9VxRcHmw2K4tuYl9FOUkl2UvlBQZ8BD19ydOAxBtFWTvXUVDMZYahS/01MZWLfyTRyVoJJQ==",
      "engines": {
        "node": ">=12.20.0"
      },
      "dependencies": {
        "data-uri-to-buffer": "^4.0.0",
        "fetch-blob": "^3.2.0",
        "formdata-polyfill": "^4.0.10",
        "web-streams-polyfill": "^3.0.3"
      }
    },
    "node_modules/data-uri-to-buffer": {
      "version": "4.0.1",
      "resolved": "https://registry.npmjs.org/data-uri-to-buffer/-/data-uri-to-buffer-4.0.1.tgz",
      "integrity": "sha512-PU8bZxu7FHe5aF+RNRTNzcb5B8i5AS3LiShFD1N4nqMfMNB1ZEdjM4brAlBB1ZZ0+CQ2kWKBHArBfLCozRTO3Q=="
    },
    "node_modules/fetch-blob": {
      "version": "3.2.0",
      "resolved": "https://registry.npmjs.org/fetch-blob/-/fetch-blob-3.2.0.tgz",
      "integrity": "sha512-mMw05mEFYELD8R0f+aqHZHPTAbhpgv6DuzTrD+MXh3JNj8xYgQsohvZ5EE5F9INpzx48qsAFOkYoj5HVLpH4aQ==",
      "engines": {
        "node": ">=12.20.0"
      }
    },
    "node_modules/formdata-polyfill": {
      "version": "4.0.10",
      "resolved": "https://registry.npmjs.org/formdata-polyfill/-/formdata-polyfill-4.0.10.tgz",
      "integrity": "sha512-CGbWIp7z0qQOJWj0mKJRIpQ8ab8XEBr9XZ5CDMZn6+ykHjRPGpxCDsGbqHsPdGsB2jeZTOTU4v11syu7I95KUQ=="
    },
    "node_modules/web-streams-polyfill": {
      "version": "3.3.3",
      "resolved": "https://registry.npmjs.org/web-streams-polyfill/-/web-streams-polyfill-3.3.3.tgz",
      "integrity": "sha512-WH19lR+RpFOfSoD1to1tN3N5IxvPiVnwxI/gsO9Xl+24sPObNRZAMThlme4dboyd+1IuMwSdmvF2u4ew74Cw2Q=="
    }
  },
  "dependencies": {
    "dotenv": {
      "version": "16.0.3",
      "resolved": "https://registry.npmjs.org/dotenv/-/dotenv-16.0.3.tgz",
      "integrity": "sha512-7GO6HghkA5fYG9TYnNxi14/7K9f5occMlp3zXAuSxn7CKCxt9xbNWG7yF8hTCSUchlfWSe3uLmlPfigevRItzQ=="
    },
    "twitter-api-v2": {
      "version": "1.12.10",
      "resolved": "https://registry.npmjs.org/twitter-api-v2/-/twitter-api-v2-1.12.10.tgz",
      "integrity": "sha512-gLo4u3EZM8zt2CRZ5uJaWpGVoH1/xR0veF74E3K7WCQXUONoZVc0pbg6dGfoPBOmEXhS4QHGcgAMj1TRU+OSXA=="
    },
    "node-fetch": {
      "version": "3.3.2",
      "resolved": "https://registry.npmjs.org/node-fetch/-/node-fetch-3.3.2.tgz",
      "integrity": "sha512-IilGxAafCaenbFn9VxRcHmw2K4tuYl9FOUkl2UvlBQZ8BD19ydOAxBtFWTvXUVDMZYahS/01MZWLfyTRyVoJJQ=="
    }
  }
}
